
Microsoft Visual Studio Solution File, Format Version 12.00
Project("{FAE04EC0-301F-11D3-BF4B-00C04F79EFBC}") = "csharp-practice2", "csharp-practice2\csharp-practice2.csproj", "{33E1EF37-009B-4E09-8175-A9AB8D3A38B1}"
EndProject
Global
	GlobalSection(SolutionConfigurationPlatforms) = preSolution
		Debug|Any CPU = Debug|Any CPU
		Release|Any CPU = Release|Any CPU
	EndGlobalSection
	GlobalSection(ProjectConfigurationPlatforms) = postSolution
		{33E1EF37-009B-4E09-8175-A9AB8D3A38B1}.Debug|Any CPU.ActiveCfg = Debug|Any CPU
		{33E1EF37-009B-4E09-8175-A9AB8D3A38B1}.Debug|Any CPU.Build.0 = Debug|Any CPU
		{33E1EF37-009B-4E09-8175-A9AB8D3A38B1}.Release|Any CPU.ActiveCfg = Release|Any CPU
		{33E1EF37-009B-4E09-8175-A9AB8D3A38B1}.Release|Any CPU.Build.0 = Release|Any CPU
	EndGlobalSection
EndGlobal
